// !$*UTF8*$!
{
	archiveVersion = 1;
	classes = {
	};
	objectVersion = 50;
	objects = {

/* Begin PBXBuildFile section */
		647B04BF2206E28700F00D8D /* AppDelegate.m in Sources */ = {isa = PBXBuildFile; fileRef = 647B04BE2206E28700F00D8D /* AppDelegate.m */; };
		647B04C22206E28700F00D8D /* ViewController.m in Sources */ = {isa = PBXBuildFile; fileRef = 647B04C12206E28700F00D8D /* ViewController.m */; };
		647B04C52206E28700F00D8D /* Main.storyboard in Resources */ = {isa = PBXBuildFile; fileRef = 647B04C32206E28700F00D8D /* Main.storyboard */; };
		647B04C72206E28800F00D8D /* Assets.xcassets in Resources */ = {isa = PBXBuildFile; fileRef = 647B04C62206E28800F00D8D /* Assets.xcassets */; };
		647B04CA2206E28800F00D8D /* LaunchScreen.storyboard in Resources */ = {isa = PBXBuildFile; fileRef = 647B04C82206E28800F00D8D /* LaunchScreen.storyboard */; };
		647B04CD2206E28800F00D8D /* main.m in Sources */ = {isa = PBXBuildFile; fileRef = 647B04CC2206E28800F00D8D /* main.m */; };
		647B04D72206E28800F00D8D /* BlocksTests.m in Sources */ = {isa = PBXBuildFile; fileRef = 647B04D62206E28800F00D8D /* BlocksTests.m */; };
		647B04E22206E28800F00D8D /* BlocksUITests.m in Sources */ = {isa = PBXBuildFile; fileRef = 647B04E12206E28800F00D8D /* BlocksUITests.m */; };
		647B04F12206F97100F00D8D /* Object.m in Sources */ = {isa = PBXBuildFile; fileRef = 647B04F02206F97100F00D8D /* Object.m */; };
/* End PBXBuildFile section */

/* Begin PBXContainerItemProxy section */
		647B04D32206E28800F00D8D /* PBXContainerItemProxy */ = {
			isa = PBXContainerItemProxy;
			containerPortal = 647B04B22206E28700F00D8D /* Project object */;
			proxyType = 1;
			remoteGlobalIDString = 647B04B92206E28700F00D8D;
			remoteInfo = Blocks;
		};
		647B04DE2206E28800F00D8D /* PBXContainerItemProxy */ = {
			isa = PBXContainerItemProxy;
			containerPortal = 647B04B22206E28700F00D8D /* Project object */;
			proxyType = 1;
			remoteGlobalIDString = 647B04B92206E28700F00D8D;
			remoteInfo = Blocks;
		};
/* End PBXContainerItemProxy section */

/* Begin PBXFileReference section */
		647B04BA2206E28700F00D8D /* Blocks.app */ = {isa = PBXFileReference; explicitFileType = wrapper.application; includeInIndex = 0; path = Blocks.app; sourceTree = BUILT_PRODUCTS_DIR; };
		647B04BD2206E28700F00D8D /* AppDelegate.h */ = {isa = PBXFileReference; lastKnownFileType = sourcecode.c.h; path = AppDelegate.h; sourceTree = "<group>"; };
		647B04BE2206E28700F00D8D /* AppDelegate.m */ = {isa = PBXFileReference; lastKnownFileType = sourcecode.c.objc; path = AppDelegate.m; sourceTree = "<group>"; };
		647B04C02206E28700F00D8D /* ViewController.h */ = {isa = PBXFileReference; lastKnownFileType = sourcecode.c.h; path = ViewController.h; sourceTree = "<group>"; };
		647B04C12206E28700F00D8D /* ViewController.m */ = {isa = PBXFileReference; lastKnownFileType = sourcecode.c.objc; path = ViewController.m; sourceTree = "<group>"; };
		647B04C42206E28700F00D8D /* Base */ = {isa = PBXFileReference; lastKnownFileType = file.storyboard; name = Base; path = Base.lproj/Main.storyboard; sourceTree = "<group>"; };
		647B04C62206E28800F00D8D /* Assets.xcassets */ = {isa = PBXFileReference; lastKnownFileType = folder.assetcatalog; path = Assets.xcassets; sourceTree = "<group>"; };
		647B04C92206E28800F00D8D /* Base */ = {isa = PBXFileReference; lastKnownFileType = file.storyboard; name = Base; path = Base.lproj/LaunchScreen.storyboard; sourceTree = "<group>"; };
		647B04CB2206E28800F00D8D /* Info.plist */ = {isa = PBXFileReference; lastKnownFileType = text.plist.xml; path = Info.plist; sourceTree = "<group>"; };
		647B04CC2206E28800F00D8D /* main.m */ = {isa = PBXFileReference; lastKnownFileType = sourcecode.c.objc; path = main.m; sourceTree = "<group>"; };
		647B04D22206E28800F00D8D /* BlocksTests.xctest */ = {isa = PBXFileReference; explicitFileType = wrapper.cfbundle; includeInIndex = 0; path = BlocksTests.xctest; sourceTree = BUILT_PRODUCTS_DIR; };
		647B04D62206E28800F00D8D /* BlocksTests.m */ = {isa = PBXFileReference; lastKnownFileType = sourcecode.c.objc; path = BlocksTests.m; sourceTree = "<group>"; };
		647B04D82206E28800F00D8D /* Info.plist */ = {isa = PBXFileReference; lastKnownFileType = text.plist.xml; path = Info.plist; sourceTree = "<group>"; };
		647B04DD2206E28800F00D8D /* BlocksUITests.xctest */ = {isa = PBXFileReference; explicitFileType = wrapper.cfbundle; includeInIndex = 0; path = BlocksUITests.xctest; sourceTree = BUILT_PRODUCTS_DIR; };
		647B04E12206E28800F00D8D /* BlocksUITests.m */ = {isa = PBXFileReference; lastKnownFileType = sourcecode.c.objc; path = BlocksUITests.m; sourceTree = "<group>"; };
		647B04E32206E28800F00D8D /* Info.plist */ = {isa = PBXFileReference; lastKnownFileType = text.plist.xml; path = Info.plist; sourceTree = "<group>"; };
		647B04EF2206F97100F00D8D /* Object.h */ = {isa = PBXFileReference; lastKnownFileType = sourcecode.c.h; path = Object.h; sourceTree = "<group>"; };
		647B04F02206F97100F00D8D /* Object.m */ = {isa = PBXFileReference; lastKnownFileType = sourcecode.c.objc; path = Object.m; sourceTree = "<group>"; };
/* End PBXFileReference section */

/* Begin PBXFrameworksBuildPhase section */
		647B04B72206E28700F00D8D /* Frameworks */ = {
			isa = PBXFrameworksBuildPhase;
			buildActionMask = 2147483647;
			files = (
			);
			runOnlyForDeploymentPostprocessing = 0;
		};
		647B04CF2206E28800F00D8D /* Frameworks */ = {
			isa = PBXFrameworksBuildPhase;
			buildActionMask = 2147483647;
			files = (
			);
			runOnlyForDeploymentPostprocessing = 0;
		};
		647B04DA2206E28800F00D8D /* Frameworks */ = {
			isa = PBXFrameworksBuildPhase;
			buildActionMask = 2147483647;
			files = (
			);
			runOnlyForDeploymentPostprocessing = 0;
		};
/* End PBXFrameworksBuildPhase section */

/* Begin PBXGroup section */
		647B04B12206E28700F00D8D = {
			isa = PBXGroup;
			children = (
				647B04BC2206E28700F00D8D /* Blocks */,
				647B04D52206E28800F00D8D /* BlocksTests */,
				647B04E02206E28800F00D8D /* BlocksUITests */,
				647B04BB2206E28700F00D8D /* Products */,
			);
			sourceTree = "<group>";
		};
		647B04BB2206E28700F00D8D /* Products */ = {
			isa = PBXGroup;
			children = (
				647B04BA2206E28700F00D8D /* Blocks.app */,
				647B04D22206E28800F00D8D /* BlocksTests.xctest */,
				647B04DD2206E28800F00D8D /* BlocksUITests.xctest */,
			);
			name = Products;
			sourceTree = "<group>";
		};
		647B04BC2206E28700F00D8D /* Blocks */ = {
			isa = PBXGroup;
			children = (
				647B04EF2206F97100F00D8D /* Object.h */,
				647B04F02206F97100F00D8D /* Object.m */,
				647B04BD2206E28700F00D8D /* AppDelegate.h */,
				647B04BE2206E28700F00D8D /* AppDelegate.m */,
				647B04C02206E28700F00D8D /* ViewController.h */,
				647B04C12206E28700F00D8D /* ViewController.m */,
				647B04C32206E28700F00D8D /* Main.storyboard */,
				647B04C62206E28800F00D8D /* Assets.xcassets */,
				647B04C82206E28800F00D8D /* LaunchScreen.storyboard */,
				647B04CB2206E28800F00D8D /* Info.plist */,
				647B04CC2206E28800F00D8D /* main.m */,
			);
			path = Blocks;
			sourceTree = "<group>";
		};
		647B04D52206E28800F00D8D /* BlocksTests */ = {
			isa = PBXGroup;
			children = (
				647B04D62206E28800F00D8D /* BlocksTests.m */,
				647B04D82206E28800F00D8D /* Info.plist */,
			);
			path = BlocksTests;
			sourceTree = "<group>";
		};
		647B04E02206E28800F00D8D /* BlocksUITests */ = {
			isa = PBXGroup;
			children = (
				647B04E12206E28800F00D8D /* BlocksUITests.m */,
				647B04E32206E28800F00D8D /* Info.plist */,
			);
			path = BlocksUITests;
			sourceTree = "<group>";
		};
/* End PBXGroup section */

/* Begin PBXNativeTarget section */
		647B04B92206E28700F00D8D /* Blocks */ = {
			isa = PBXNativeTarget;
			buildConfigurationList = 647B04E62206E28800F00D8D /* Build configuration list for PBXNativeTarget "Blocks" */;
			buildPhases = (
				647B04B62206E28700F00D8D /* Sources */,
				647B04B72206E28700F00D8D /* Frameworks */,
				647B04B82206E28700F00D8D /* Resources */,
			);
			buildRules = (
			);
			dependencies = (
			);
			name = Blocks;
			productName = Blocks;
			productReference = 647B04BA2206E28700F00D8D /* Blocks.app */;
			productType = "com.apple.product-type.application";
		};
		647B04D12206E28800F00D8D /* BlocksTests */ = {
			isa = PBXNativeTarget;
			buildConfigurationList = 647B04E92206E28800F00D8D /* Build configuration list for PBXNativeTarget "BlocksTests" */;
			buildPhases = (
				647B04CE2206E28800F00D8D /* Sources */,
				647B04CF2206E28800F00D8D /* Frameworks */,
				647B04D02206E28800F00D8D /* Resources */,
			);
			buildRules = (
			);
			dependencies = (
				647B04D42206E28800F00D8D /* PBXTargetDependency */,
			);
			name = BlocksTests;
			productName = BlocksTests;
			productReference = 647B04D22206E28800F00D8D /* BlocksTests.xctest */;
			productType = "com.apple.product-type.bundle.unit-test";
		};
		647B04DC2206E28800F00D8D /* BlocksUITests */ = {
			isa = PBXNativeTarget;
			buildConfigurationList = 647B04EC2206E28800F00D8D /* Build configuration list for PBXNativeTarget "BlocksUITests" */;
			buildPhases = (
				647B04D92206E28800F00D8D /* Sources */,
				647B04DA2206E28800F00D8D /* Frameworks */,
				647B04DB2206E28800F00D8D /* Resources */,
			);
			buildRules = (
			);
			dependencies = (
				647B04DF2206E28800F00D8D /* PBXTargetDependency */,
			);
			name = BlocksUITests;
			productName = BlocksUITests;
			productReference = 647B04DD2206E28800F00D8D /* BlocksUITests.xctest */;
			productType = "com.apple.product-type.bundle.ui-testing";
		};
/* End PBXNativeTarget section */

/* Begin PBXProject section */
		647B04B22206E28700F00D8D /* Project object */ = {
			isa = PBXProject;
			attributes = {
				LastUpgradeCheck = 1000;
				ORGANIZATIONNAME = "Denis Nesteruk";
				TargetAttributes = {
					647B04B92206E28700F00D8D = {
						CreatedOnToolsVersion = 10.0;
					};
					647B04D12206E28800F00D8D = {
						CreatedOnToolsVersion = 10.0;
						TestTargetID = 647B04B92206E28700F00D8D;
					};
					647B04DC2206E28800F00D8D = {
						CreatedOnToolsVersion = 10.0;
						TestTargetID = 647B04B92206E28700F00D8D;
					};
				};
			};
			buildConfigurationList = 647B04B52206E28700F00D8D /* Build configuration list for PBXProject "Blocks" */;
			compatibilityVersion = "Xcode 9.3";
			developmentRegion = en;
			hasScannedForEncodings = 0;
			knownRegions = (
				en,
				Base,
			);
			mainGroup = 647B04B12206E28700F00D8D;
			productRefGroup = 647B04BB2206E28700F00D8D /* Products */;
			projectDirPath = "";
			projectRoot = "";
			targets = (
				647B04B92206E28700F00D8D /* Blocks */,
				647B04D12206E28800F00D8D /* BlocksTests */,
				647B04DC2206E28800F00D8D /* BlocksUITests */,
			);
		};
/* End PBXProject section */

/* Begin PBXResourcesBuildPhase section */
		647B04B82206E28700F00D8D /* Resources */ = {
			isa = PBXResourcesBuildPhase;
			buildActionMask = 2147483647;
			files = (
				647B04CA2206E28800F00D8D /* LaunchScreen.storyboard in Resources */,
				647B04C72206E28800F00D8D /* Assets.xcassets in Resources */,
				647B04C52206E28700F00D8D /* Main.storyboard in Resources */,
			);
			runOnlyForDeploymentPostprocessing = 0;
		};
		647B04D02206E28800F00D8D /* Resources */ = {
			isa = PBXResourcesBuildPhase;
			buildActionMask = 2147483647;
			files = (
			);
			runOnlyForDeploymentPostprocessing = 0;
		};
		647B04DB2206E28800F00D8D /* Resources */ = {
			isa = PBXResourcesBuildPhase;
			buildActionMask = 2147483647;
			files = (
			);
			runOnlyForDeploymentPostprocessing = 0;
		};
/* End PBXResourcesBuildPhase section */

/* Begin PBXSourcesBuildPhase section */
		647B04B62206E28700F00D8D /* Sources */ = {
			isa = PBXSourcesBuildPhase;
			buildActionMask = 2147483647;
			files = (
				647B04C22206E28700F00D8D /* ViewController.m in Sources */,
				647B04CD2206E28800F00D8D /* main.m in Sources */,
				647B04F12206F97100F00D8D /* Object.m in Sources */,
				647B04BF2206E28700F00D8D /* AppDelegate.m in Sources */,
			);
			runOnlyForDeploymentPostprocessing = 0;
		};
		647B04CE2206E28800F00D8D /* Sources */ = {
			isa = PBXSourcesBuildPhase;
			buildActionMask = 2147483647;
			files = (
				647B04D72206E28800F00D8D /* BlocksTests.m in Sources */,
			);
			runOnlyForDeploymentPostprocessing = 0;
		};
		647B04D92206E28800F00D8D /* Sources */ = {
			isa = PBXSourcesBuildPhase;
			buildActionMask = 2147483647;
			files = (
				647B04E22206E28800F00D8D /* BlocksUITests.m in Sources */,
			);
			runOnlyForDeploymentPostprocessing = 0;
		};
/* End PBXSourcesBuildPhase section */

/* Begin PBXTargetDependency section */
		647B04D42206E28800F00D8D /* PBXTargetDependency */ = {
			isa = PBXTargetDependency;
			target = 647B04B92206E28700F00D8D /* Blocks */;
			targetProxy = 647B04D32206E28800F00D8D /* PBXContainerItemProxy */;
		};
		647B04DF2206E28800F00D8D /* PBXTargetDependency */ = {
			isa = PBXTargetDependency;
			target = 647B04B92206E28700F00D8D /* Blocks */;
			targetProxy = 647B04DE2206E28800F00D8D /* PBXContainerItemProxy */;
		};
/* End PBXTargetDependency section */

/* Begin PBXVariantGroup section */
		647B04C32206E28700F00D8D /* Main.storyboard */ = {
			isa = PBXVariantGroup;
			children = (
				647B04C42206E28700F00D8D /* Base */,
			);
			name = Main.storyboard;
			sourceTree = "<group>";
		};
		647B04C82206E28800F00D8D /* LaunchScreen.storyboard */ = {
			isa = PBXVariantGroup;
			children = (
				647B04C92206E28800F00D8D /* Base */,
			);
			name = LaunchScreen.storyboard;
			sourceTree = "<group>";
		};
/* End PBXVariantGroup section */

/* Begin XCBuildConfiguration section */
		647B04E42206E28800F00D8D /* Debug */ = {
			isa = XCBuildConfiguration;
			buildSettings = {
				ALWAYS_SEARCH_USER_PATHS = NO;
				CLANG_ANALYZER_NONNULL = YES;
				CLANG_ANALYZER_NUMBER_OBJECT_CONVERSION = YES_AGGRESSIVE;
				CLANG_CXX_LANGUAGE_STANDARD = "gnu++14";
				CLANG_CXX_LIBRARY = "libc++";
				CLANG_ENABLE_MODULES = YES;
				CLANG_ENABLE_OBJC_ARC = YES;
				CLANG_ENABLE_OBJC_WEAK = YES;
				CLANG_WARN_BLOCK_CAPTURE_AUTORELEASING = YES;
				CLANG_WARN_BOOL_CONVERSION = YES;
				CLANG_WARN_COMMA = YES;
				CLANG_WARN_CONSTANT_CONVERSION = YES;
				CLANG_WARN_DEPRECATED_OBJC_IMPLEMENTATIONS = YES;
				CLANG_WARN_DIRECT_OBJC_ISA_USAGE = YES_ERROR;
				CLANG_WARN_DOCUMENTATION_COMMENTS = YES;
				CLANG_WARN_EMPTY_BODY = YES;
				CLANG_WARN_ENUM_CONVERSION = YES;
				CLANG_WARN_INFINITE_RECURSION = YES;
				CLANG_WARN_INT_CONVERSION = YES;
				CLANG_WARN_NON_LITERAL_NULL_CONVERSION = YES;
				CLANG_WARN_OBJC_IMPLICIT_RETAIN_SELF = YES;
				CLANG_WARN_OBJC_LITERAL_CONVERSION = YES;
				CLANG_WARN_OBJC_ROOT_CLASS = YES_ERROR;
				CLANG_WARN_RANGE_LOOP_ANALYSIS = YES;
				CLANG_WARN_STRICT_PROTOTYPES = YES;
				CLANG_WARN_SUSPICIOUS_MOVE = YES;
				CLANG_WARN_UNGUARDED_AVAILABILITY = YES_AGGRESSIVE;
				CLANG_WARN_UNREACHABLE_CODE = YES;
				CLANG_WARN__DUPLICATE_METHOD_MATCH = YES;
				CODE_SIGN_IDENTITY = "iPhone Developer";
				COPY_PHASE_STRIP = NO;
				DEBUG_INFORMATION_FORMAT = dwarf;
				ENABLE_STRICT_OBJC_MSGSEND = YES;
				ENABLE_TESTABILITY = YES;
				GCC_C_LANGUAGE_STANDARD = gnu11;
				GCC_DYNAMIC_NO_PIC = NO;
				GCC_NO_COMMON_BLOCKS = YES;
				GCC_OPTIMIZATION_LEVEL = 0;
				GCC_PREPROCESSOR_DEFINITIONS = (
					"DEBUG=1",
					"$(inherited)",
				);
				GCC_WARN_64_TO_32_BIT_CONVERSION = YES;
				GCC_WARN_ABOUT_RETURN_TYPE = YES_ERROR;
				GCC_WARN_UNDECLARED_SELECTOR = YES;
				GCC_WARN_UNINITIALIZED_AUTOS = YES_AGGRESSIVE;
				GCC_WARN_UNUSED_FUNCTION = YES;
				GCC_WARN_UNUSED_VARIABLE = YES;
				IPHONEOS_DEPLOYMENT_TARGET = 12.0;
				MTL_ENABLE_DEBUG_INFO = INCLUDE_SOURCE;
				MTL_FAST_MATH = YES;
				ONLY_ACTIVE_ARCH = YES;
				SDKROOT = iphoneos;
			};
			name = Debug;
		};
		647B04E52206E28800F00D8D /* Release */ = {
			isa = XCBuildConfiguration;
			buildSettings = {
				ALWAYS_SEARCH_USER_PATHS = NO;
				CLANG_ANALYZER_NONNULL = YES;
				CLANG_ANALYZER_NUMBER_OBJECT_CONVERSION = YES_AGGRESSIVE;
				CLANG_CXX_LANGUAGE_STANDARD = "gnu++14";
				CLANG_CXX_LIBRARY = "libc++";
				CLANG_ENABLE_MODULES = YES;
				CLANG_ENABLE_OBJC_ARC = YES;
				CLANG_ENABLE_OBJC_WEAK = YES;
				CLANG_WARN_BLOCK_CAPTURE_AUTORELEASING = YES;
				CLANG_WARN_BOOL_CONVERSION = YES;
				CLANG_WARN_COMMA = YES;
				CLANG_WARN_CONSTANT_CONVERSION = YES;
				CLANG_WARN_DEPRECATED_OBJC_IMPLEMENTATIONS = YES;
				CLANG_WARN_DIRECT_OBJC_ISA_USAGE = YES_ERROR;
				CLANG_WARN_DOCUMENTATION_COMMENTS = YES;
				CLANG_WARN_EMPTY_BODY = YES;
				CLANG_WARN_ENUM_CONVERSION = YES;
				CLANG_WARN_INFINITE_RECURSION = YES;
				CLANG_WARN_INT_CONVERSION = YES;
				CLANG_WARN_NON_LITERAL_NULL_CONVERSION = YES;
				CLANG_WARN_OBJC_IMPLICIT_RETAIN_SELF = YES;
				CLANG_WARN_OBJC_LITERAL_CONVERSION = YES;
				CLANG_WARN_OBJC_ROOT_CLASS = YES_ERROR;
				CLANG_WARN_RANGE_LOOP_ANALYSIS = YES;
				CLANG_WARN_STRICT_PROTOTYPES = YES;
				CLANG_WARN_SUSPICIOUS_MOVE = YES;
				CLANG_WARN_UNGUARDED_AVAILABILITY = YES_AGGRESSIVE;
				CLANG_WARN_UNREACHABLE_CODE = YES;
				CLANG_WARN__DUPLICATE_METHOD_MATCH = YES;
				CODE_SIGN_IDENTITY = "iPhone Developer";
				COPY_PHASE_STRIP = NO;
				DEBUG_INFORMATION_FORMAT = "dwarf-with-dsym";
				ENABLE_NS_ASSERTIONS = NO;
				ENABLE_STRICT_OBJC_MSGSEND = YES;
				GCC_C_LANGUAGE_STANDARD = gnu11;
				GCC_NO_COMMON_BLOCKS = YES;
				GCC_WARN_64_TO_32_BIT_CONVERSION = YES;
				GCC_WARN_ABOUT_RETURN_TYPE = YES_ERROR;
				GCC_WARN_UNDECLARED_SELECTOR = YES;
				GCC_WARN_UNINITIALIZED_AUTOS = YES_AGGRESSIVE;
				GCC_WARN_UNUSED_FUNCTION = YES;
				GCC_WARN_UNUSED_VARIABLE = YES;
				IPHONEOS_DEPLOYMENT_TARGET = 12.0;
				MTL_ENABLE_DEBUG_INFO = NO;
				MTL_FAST_MATH = YES;
				SDKROOT = iphoneos;
				VALIDATE_PRODUCT = YES;
			};
			name = Release;
		};
		647B04E72206E28800F00D8D /* Debug */ = {
			isa = XCBuildConfiguration;
			buildSettings = {
				ASSETCATALOG_COMPILER_APPICON_NAME = AppIcon;
				CODE_SIGN_STYLE = Automatic;
				INFOPLIST_FILE = Blocks/Info.plist;
				LD_RUNPATH_SEARCH_PATHS = (
					"$(inherited)",
					"@executable_path/Frameworks",
				);
				PRODUCT_BUNDLE_IDENTIFIER = com.denisnester.Blocks;
				PRODUCT_NAME = "$(TARGET_NAME)";
				TARGETED_DEVICE_FAMILY = "1,2";
			};
			name = Debug;
		};
		647B04E82206E28800F00D8D /* Release */ = {
			isa = XCBuildConfiguration;
			buildSettings = {
				ASSETCATALOG_COMPILER_APPICON_NAME = AppIcon;
				CODE_SIGN_STYLE = Automatic;
				INFOPLIST_FILE = Blocks/Info.plist;
				LD_RUNPATH_SEARCH_PATHS = (
					"$(inherited)",
					"@executable_path/Frameworks",
				);
				PRODUCT_BUNDLE_IDENTIFIER = com.denisnester.Blocks;
				PRODUCT_NAME = "$(TARGET_NAME)";
				TARGETED_DEVICE_FAMILY = "1,2";
			};
			name = Release;
		};
		647B04EA2206E28800F00D8D /* Debug */ = {
			isa = XCBuildConfiguration;
			buildSettings = {
				BUNDLE_LOADER = "$(TEST_HOST)";
				CODE_SIGN_STYLE = Automatic;
				INFOPLIST_FILE = BlocksTests/Info.plist;
				LD_RUNPATH_SEARCH_PATHS = (
					"$(inherited)",
					"@executable_path/Frameworks",
					"@loader_path/Frameworks",
				);
				PRODUCT_BUNDLE_IDENTIFIER = com.denisnester.BlocksTests;
				PRODUCT_NAME = "$(TARGET_NAME)";
				TARGETED_DEVICE_FAMILY = "1,2";
				TEST_HOST = "$(BUILT_PRODUCTS_DIR)/Blocks.app/Blocks";
			};
			name = Debug;
		};
		647B04EB2206E28800F00D8D /* Release */ = {
			isa = XCBuildConfiguration;
			buildSettings = {
				BUNDLE_LOADER = "$(TEST_HOST)";
				CODE_SIGN_STYLE = Automatic;
				INFOPLIST_FILE = BlocksTests/Info.plist;
				LD_RUNPATH_SEARCH_PATHS = (
					"$(inherited)",
					"@executable_path/Frameworks",
					"@loader_path/Frameworks",
				);
				PRODUCT_BUNDLE_IDENTIFIER = com.denisnester.BlocksTests;
				PRODUCT_NAME = "$(TARGET_NAME)";
				TARGETED_DEVICE_FAMILY = "1,2";
				TEST_HOST = "$(BUILT_PRODUCTS_DIR)/Blocks.app/Blocks";
			};
			name = Release;
		};
		647B04ED2206E28800F00D8D /* Debug */ = {
			isa = XCBuildConfiguration;
			buildSettings = {
				CODE_SIGN_STYLE = Automatic;
				INFOPLIST_FILE = BlocksUITests/Info.plist;
				LD_RUNPATH_SEARCH_PATHS = (
					"$(inherited)",
					"@executable_path/Frameworks",
					"@loader_path/Frameworks",
				);
				PRODUCT_BUNDLE_IDENTIFIER = com.denisnester.BlocksUITests;
				PRODUCT_NAME = "$(TARGET_NAME)";
				TARGETED_DEVICE_FAMILY = "1,2";
				TEST_TARGET_NAME = Blocks;
			};
			name = Debug;
		};
		647B04EE2206E28800F00D8D /* Release */ = {
			isa = XCBuildConfiguration;
			buildSettings = {
				CODE_SIGN_STYLE = Automatic;
				INFOPLIST_FILE = BlocksUITests/Info.plist;
				LD_RUNPATH_SEARCH_PATHS = (
					"$(inherited)",
					"@executable_path/Frameworks",
					"@loader_path/Frameworks",
				);
				PRODUCT_BUNDLE_IDENTIFIER = com.denisnester.BlocksUITests;
				PRODUCT_NAME = "$(TARGET_NAME)";
				TARGETED_DEVICE_FAMILY = "1,2";
				TEST_TARGET_NAME = Blocks;
			};
			name = Release;
		};
/* End XCBuildConfiguration section */

/* Begin XCConfigurationList section */
		647B04B52206E28700F00D8D /* Build configuration list for PBXProject "Blocks" */ = {
			isa = XCConfigurationList;
			buildConfigurations = (
				647B04E42206E28800F00D8D /* Debug */,
				647B04E52206E28800F00D8D /* Release */,
			);
			defaultConfigurationIsVisible = 0;
			defaultConfigurationName = Release;
		};
		647B04E62206E28800F00D8D /* Build configuration list for PBXNativeTarget "Blocks" */ = {
			isa = XCConfigurationList;
			buildConfigurations = (
				647B04E72206E28800F00D8D /* Debug */,
				647B04E82206E28800F00D8D /* Release */,
			);
			defaultConfigurationIsVisible = 0;
			defaultConfigurationName = Release;
		};
		647B04E92206E28800F00D8D /* Build configuration list for PBXNativeTarget "BlocksTests" */ = {
			isa = XCConfigurationList;
			buildConfigurations = (
				647B04EA2206E28800F00D8D /* Debug */,
				647B04EB2206E28800F00D8D /* Release */,
			);
			defaultConfigurationIsVisible = 0;
			defaultConfigurationName = Release;
		};
		647B04EC2206E28800F00D8D /* Build configuration list for PBXNativeTarget "BlocksUITests" */ = {
			isa = XCConfigurationList;
			buildConfigurations = (
				647B04ED2206E28800F00D8D /* Debug */,
				647B04EE2206E28800F00D8D /* Release */,
			);
			defaultConfigurationIsVisible = 0;
			defaultConfigurationName = Release;
		};
/* End XCConfigurationList section */
	};
	rootObject = 647B04B22206E28700F00D8D /* Project object */;
}
